
Microsoft Visual Studio Solution File, Format Version 12.00
# Visual Studio 15
VisualStudioVersion = 15.0.26430.15
MinimumVisualStudioVersion = 10.0.40219.1
Project("{FAE04EC0-301F-11D3-BF4B-00C04F79EFBC}") = "MVC", "MVC\MVC.csproj", "{07EDCCD9-375E-4681-B481-E77898019348}"
EndProject
Project("{FAE04EC0-301F-11D3-BF4B-00C04F79EFBC}") = "BusinessLogic", "BusinessLogic\BusinessLogic.csproj", "{0A976D66-D77C-4C27-8E67-9CEA0F339E52}"
EndProject
Project("{FAE04EC0-301F-11D3-BF4B-00C04F79EFBC}") = "BusinessLogicTests", "BusinessLogicTests\BusinessLogicTests.csproj", "{091D7417-3546-4C3D-A1AA-7834963A7BDE}"
EndProject
Global
	GlobalSection(SolutionConfigurationPlatforms) = preSolution
		Debug|Any CPU = Debug|Any CPU
		Release|Any CPU = Release|Any CPU
	EndGlobalSection
	GlobalSection(ProjectConfigurationPlatforms) = postSolution
		{07EDCCD9-375E-4681-B481-E77898019348}.Debug|Any CPU.ActiveCfg = Debug|Any CPU
		{07EDCCD9-375E-4681-B481-E77898019348}.Debug|Any CPU.Build.0 = Debug|Any CPU
		{07EDCCD9-375E-4681-B481-E77898019348}.Release|Any CPU.ActiveCfg = Release|Any CPU
		{07EDCCD9-375E-4681-B481-E77898019348}.Release|Any CPU.Build.0 = Release|Any CPU
		{0A976D66-D77C-4C27-8E67-9CEA0F339E52}.Debug|Any CPU.ActiveCfg = Debug|Any CPU
		{0A976D66-D77C-4C27-8E67-9CEA0F339E52}.Debug|Any CPU.Build.0 = Debug|Any CPU
		{0A976D66-D77C-4C27-8E67-9CEA0F339E52}.Release|Any CPU.ActiveCfg = Release|Any CPU
		{0A976D66-D77C-4C27-8E67-9CEA0F339E52}.Release|Any CPU.Build.0 = Release|Any CPU
		{091D7417-3546-4C3D-A1AA-7834963A7BDE}.Debug|Any CPU.ActiveCfg = Debug|Any CPU
		{091D7417-3546-4C3D-A1AA-7834963A7BDE}.Debug|Any CPU.Build.0 = Debug|Any CPU
		{091D7417-3546-4C3D-A1AA-7834963A7BDE}.Release|Any CPU.ActiveCfg = Release|Any CPU
		{091D7417-3546-4C3D-A1AA-7834963A7BDE}.Release|Any CPU.Build.0 = Release|Any CPU
	EndGlobalSection
	GlobalSection(SolutionProperties) = preSolution
		HideSolutionNode = FALSE
	EndGlobalSection
EndGlobal
